
Microsoft Visual Studio Solution File, Format Version 12.00
# Visual Studio Version 17
VisualStudioVersion = 17.0.31903.59
MinimumVisualStudioVersion = 10.0.40219.1
Project("{FAE04EC0-301F-11D3-BF4B-00C04F79EFBC}") = "youtrack-insight", "youtrack-insight\youtrack-insight.csproj", "{39120207-70F4-46F4-862F-0F376E827A91}"
EndProject
Project("{FAE04EC0-301F-11D3-BF4B-00C04F79EFBC}") = "youtrack-insight-entity", "youtrack-insight-entity\youtrack-insight-entity.csproj", "{AD035F59-54CC-458A-AF0C-ECDCFA731E47}"
EndProject
Project("{FAE04EC0-301F-11D3-BF4B-00C04F79EFBC}") = "youtrack-insight-domain", "youtrack-insight-domain\youtrack-insight-domain.csproj", "{13387E97-5361-4C8E-AA89-989039FF4A5B}"
EndProject
Global
	GlobalSection(SolutionConfigurationPlatforms) = preSolution
		Debug|Any CPU = Debug|Any CPU
		Release|Any CPU = Release|Any CPU
	EndGlobalSection
	GlobalSection(SolutionProperties) = preSolution
		HideSolutionNode = FALSE
	EndGlobalSection
	GlobalSection(ProjectConfigurationPlatforms) = postSolution
		{39120207-70F4-46F4-862F-0F376E827A91}.Debug|Any CPU.ActiveCfg = Debug|Any CPU
		{39120207-70F4-46F4-862F-0F376E827A91}.Debug|Any CPU.Build.0 = Debug|Any CPU
		{39120207-70F4-46F4-862F-0F376E827A91}.Release|Any CPU.ActiveCfg = Release|Any CPU
		{39120207-70F4-46F4-862F-0F376E827A91}.Release|Any CPU.Build.0 = Release|Any CPU
		{AD035F59-54CC-458A-AF0C-ECDCFA731E47}.Debug|Any CPU.ActiveCfg = Debug|Any CPU
		{AD035F59-54CC-458A-AF0C-ECDCFA731E47}.Debug|Any CPU.Build.0 = Debug|Any CPU
		{AD035F59-54CC-458A-AF0C-ECDCFA731E47}.Release|Any CPU.ActiveCfg = Release|Any CPU
		{AD035F59-54CC-458A-AF0C-ECDCFA731E47}.Release|Any CPU.Build.0 = Release|Any CPU
		{13387E97-5361-4C8E-AA89-989039FF4A5B}.Debug|Any CPU.ActiveCfg = Debug|Any CPU
		{13387E97-5361-4C8E-AA89-989039FF4A5B}.Debug|Any CPU.Build.0 = Debug|Any CPU
		{13387E97-5361-4C8E-AA89-989039FF4A5B}.Release|Any CPU.ActiveCfg = Release|Any CPU
		{13387E97-5361-4C8E-AA89-989039FF4A5B}.Release|Any CPU.Build.0 = Release|Any CPU
	EndGlobalSection
	GlobalSection(MonoDevelopProperties) = preSolution
		BaseDirectory = youtrack-insight-domain
	EndGlobalSection
EndGlobal
